
Microsoft Visual Studio Solution File, Format Version 12.00
# Visual Studio 2013
VisualStudioVersion = 12.0.31101.0
MinimumVisualStudioVersion = 10.0.40219.1
Project("{FAE04EC0-301F-11D3-BF4B-00C04F79EFBC}") = "mlidynamics.iot", "mlidynamics.iot\mlidynamics.iot.csproj", "{16156911-D4CB-430D-BA2A-3ACB93B03BCE}"
EndProject
Project("{FAE04EC0-301F-11D3-BF4B-00C04F79EFBC}") = "mlidynamics.iot.io", "mlidynamics.iot.io\mlidynamics.iot.io.csproj", "{01061CCF-B76E-44A2-901B-BDFCA29EEDB5}"
EndProject
Project("{2150E333-8FDC-42A3-9474-1A3956D46DE8}") = "PublishScripts", "PublishScripts", "{F52B4686-FECC-459A-8113-C86488DF3BBA}"
	ProjectSection(SolutionItems) = preProject
		PublishScripts\AzureWebsitePublishModule.psm1 = PublishScripts\AzureWebsitePublishModule.psm1
		PublishScripts\Publish-WebApplicationWebsite.ps1 = PublishScripts\Publish-WebApplicationWebsite.ps1
	EndProjectSection
EndProject
Project("{2150E333-8FDC-42A3-9474-1A3956D46DE8}") = "Configurations", "Configurations", "{4DE28210-BE02-46CF-9230-7C746F02335E}"
	ProjectSection(SolutionItems) = preProject
		PublishScripts\Configurations\mlidynamicsiotio-WAWS-dev.json = PublishScripts\Configurations\mlidynamicsiotio-WAWS-dev.json
	EndProjectSection
EndProject
Project("{FAE04EC0-301F-11D3-BF4B-00C04F79EFBC}") = "mlidynamics.iot.mdm", "mlidynamics.iot.mdm\mlidynamics.iot.mdm.csproj", "{2A5C3DEE-FCF1-4C4D-8500-7B3CB03B50A1}"
EndProject
Project("{CC5FD16D-436D-48AD-A40C-5A424C6E3E79}") = "mlidynamics.iot.cloudsvc", "mlidynamics.iot.cloudsvc\mlidynamics.iot.cloudsvc.ccproj", "{1B1ED65B-E0E3-4B61-96E7-9D887BFD58DB}"
EndProject
Project("{FAE04EC0-301F-11D3-BF4B-00C04F79EFBC}") = "mlidynamics.iot.workerrole", "mlidynamics.iot.workerrole\mlidynamics.iot.workerrole.csproj", "{89932A44-6639-4FC5-9CF4-3C7F83B8E931}"
EndProject
Project("{F088123C-0E9E-452A-89E6-6BA2F21D5CAC}") = "mlidynamics.iot.arch", "mlidynamics.iot.arch\mlidynamics.iot.arch.modelproj", "{B54E8AB1-6E1B-45B9-AB95-9DFA6E18D3DF}"
EndProject
Global
	GlobalSection(SolutionConfigurationPlatforms) = preSolution
		Debug|Any CPU = Debug|Any CPU
		Release|Any CPU = Release|Any CPU
	EndGlobalSection
	GlobalSection(ProjectConfigurationPlatforms) = postSolution
		{16156911-D4CB-430D-BA2A-3ACB93B03BCE}.Debug|Any CPU.ActiveCfg = Debug|Any CPU
		{16156911-D4CB-430D-BA2A-3ACB93B03BCE}.Debug|Any CPU.Build.0 = Debug|Any CPU
		{16156911-D4CB-430D-BA2A-3ACB93B03BCE}.Release|Any CPU.ActiveCfg = Release|Any CPU
		{16156911-D4CB-430D-BA2A-3ACB93B03BCE}.Release|Any CPU.Build.0 = Release|Any CPU
		{01061CCF-B76E-44A2-901B-BDFCA29EEDB5}.Debug|Any CPU.ActiveCfg = Debug|Any CPU
		{01061CCF-B76E-44A2-901B-BDFCA29EEDB5}.Debug|Any CPU.Build.0 = Debug|Any CPU
		{01061CCF-B76E-44A2-901B-BDFCA29EEDB5}.Release|Any CPU.ActiveCfg = Release|Any CPU
		{01061CCF-B76E-44A2-901B-BDFCA29EEDB5}.Release|Any CPU.Build.0 = Release|Any CPU
		{2A5C3DEE-FCF1-4C4D-8500-7B3CB03B50A1}.Debug|Any CPU.ActiveCfg = Debug|Any CPU
		{2A5C3DEE-FCF1-4C4D-8500-7B3CB03B50A1}.Debug|Any CPU.Build.0 = Debug|Any CPU
		{2A5C3DEE-FCF1-4C4D-8500-7B3CB03B50A1}.Release|Any CPU.ActiveCfg = Release|Any CPU
		{2A5C3DEE-FCF1-4C4D-8500-7B3CB03B50A1}.Release|Any CPU.Build.0 = Release|Any CPU
		{1B1ED65B-E0E3-4B61-96E7-9D887BFD58DB}.Debug|Any CPU.ActiveCfg = Debug|Any CPU
		{1B1ED65B-E0E3-4B61-96E7-9D887BFD58DB}.Debug|Any CPU.Build.0 = Debug|Any CPU
		{1B1ED65B-E0E3-4B61-96E7-9D887BFD58DB}.Release|Any CPU.ActiveCfg = Release|Any CPU
		{1B1ED65B-E0E3-4B61-96E7-9D887BFD58DB}.Release|Any CPU.Build.0 = Release|Any CPU
		{89932A44-6639-4FC5-9CF4-3C7F83B8E931}.Debug|Any CPU.ActiveCfg = Debug|Any CPU
		{89932A44-6639-4FC5-9CF4-3C7F83B8E931}.Debug|Any CPU.Build.0 = Debug|Any CPU
		{89932A44-6639-4FC5-9CF4-3C7F83B8E931}.Release|Any CPU.ActiveCfg = Release|Any CPU
		{89932A44-6639-4FC5-9CF4-3C7F83B8E931}.Release|Any CPU.Build.0 = Release|Any CPU
		{B54E8AB1-6E1B-45B9-AB95-9DFA6E18D3DF}.Debug|Any CPU.ActiveCfg = Debug|Any CPU
		{B54E8AB1-6E1B-45B9-AB95-9DFA6E18D3DF}.Debug|Any CPU.Build.0 = Debug|Any CPU
		{B54E8AB1-6E1B-45B9-AB95-9DFA6E18D3DF}.Release|Any CPU.ActiveCfg = Release|Any CPU
		{B54E8AB1-6E1B-45B9-AB95-9DFA6E18D3DF}.Release|Any CPU.Build.0 = Release|Any CPU
	EndGlobalSection
	GlobalSection(SolutionProperties) = preSolution
		HideSolutionNode = FALSE
	EndGlobalSection
	GlobalSection(NestedProjects) = preSolution
		{4DE28210-BE02-46CF-9230-7C746F02335E} = {F52B4686-FECC-459A-8113-C86488DF3BBA}
	EndGlobalSection
EndGlobal
